
Microsoft Visual Studio Solution File, Format Version 11.00
# Visual Studio 2010
Project("{FAE04EC0-301F-11D3-BF4B-00C04F79EFBC}") = "Restrictr", "Assembly-CSharp-firstpass.csproj", "{FB5DFCC8-83C2-CBA1-D207-DA7EEFB9CEC6}"
EndProject
Project("{FAE04EC0-301F-11D3-BF4B-00C04F79EFBC}") = "Restrictr", "Assembly-CSharp.csproj", "{1DE61D2A-FE2B-40A8-B057-CF7798A969C0}"
EndProject
Project("{FAE04EC0-301F-11D3-BF4B-00C04F79EFBC}") = "Restrictr", "Assembly-CSharp-Editor.csproj", "{552F4F1C-411A-339C-EFC0-8ACA67C8DF32}"
EndProject
Global
	GlobalSection(SolutionConfigurationPlatforms) = preSolution
		Debug|Any CPU = Debug|Any CPU
		Release|Any CPU = Release|Any CPU
	EndGlobalSection
	GlobalSection(ProjectConfigurationPlatforms) = postSolution
		{FB5DFCC8-83C2-CBA1-D207-DA7EEFB9CEC6}.Debug|Any CPU.ActiveCfg = Debug|Any CPU
		{FB5DFCC8-83C2-CBA1-D207-DA7EEFB9CEC6}.Debug|Any CPU.Build.0 = Debug|Any CPU
		{FB5DFCC8-83C2-CBA1-D207-DA7EEFB9CEC6}.Release|Any CPU.ActiveCfg = Release|Any CPU
		{FB5DFCC8-83C2-CBA1-D207-DA7EEFB9CEC6}.Release|Any CPU.Build.0 = Release|Any CPU
		{1DE61D2A-FE2B-40A8-B057-CF7798A969C0}.Debug|Any CPU.ActiveCfg = Debug|Any CPU
		{1DE61D2A-FE2B-40A8-B057-CF7798A969C0}.Debug|Any CPU.Build.0 = Debug|Any CPU
		{1DE61D2A-FE2B-40A8-B057-CF7798A969C0}.Release|Any CPU.ActiveCfg = Release|Any CPU
		{1DE61D2A-FE2B-40A8-B057-CF7798A969C0}.Release|Any CPU.Build.0 = Release|Any CPU
		{552F4F1C-411A-339C-EFC0-8ACA67C8DF32}.Debug|Any CPU.ActiveCfg = Debug|Any CPU
		{552F4F1C-411A-339C-EFC0-8ACA67C8DF32}.Debug|Any CPU.Build.0 = Debug|Any CPU
		{552F4F1C-411A-339C-EFC0-8ACA67C8DF32}.Release|Any CPU.ActiveCfg = Release|Any CPU
		{552F4F1C-411A-339C-EFC0-8ACA67C8DF32}.Release|Any CPU.Build.0 = Release|Any CPU
	EndGlobalSection
	GlobalSection(SolutionProperties) = preSolution
		HideSolutionNode = FALSE
	EndGlobalSection
	GlobalSection(MonoDevelopProperties) = preSolution
		StartupItem = Assembly-CSharp.csproj
	EndGlobalSection
EndGlobal
